{
  "name": "hack-stalker-demo",
  "version": "1.0.0",
  "lockfileVersion": 3,
  "requires": true,
  "packages": {
    "": {
      "name": "hack-stalker-demo",
      "version": "1.0.0",
      "dependencies": {
        "broken-left-pad": "github:Anansi-Solutions/left-pad"
      }
    },
    "node_modules/broken-left-pad": {
      "version": "1.0.0",
      "resolved": "git+ssh://git@github.com/Anansi-Solutions/left-pad.git#8b2390c6c1e44e26a9d0a7efe839f934c12b6dbf"
    }
  }
}
